{
  "name": "servers",
  "version": "0.0.0",
  "lockfileVersion": 1,
  "requires": true,
  "dependencies": {
    "iconv-lite": {
      "version": "0.4.19",
      "resolved": "https://registry.npmjs.org/iconv-lite/-/iconv-lite-0.4.19.tgz",
      "integrity": "sha512-oTZqweIP51xaGPI4uPa56/Pri/480R+mo7SeU+YETByQNhDG55ycFyNLIgta9vXhILrxXDmF7ZGhqZIcuN0gJQ==",
      "dev": true
    },
    "needle": {
      "version": "0.7.11",
      "resolved": "https://registry.npmjs.org/needle/-/needle-0.7.11.tgz",
      "integrity": "sha1-K270TNQmDNxoMBrQrklshg4TtNg=",
      "dev": true,
      "requires": {
        "iconv-lite": "0.4.19"
      }
    }
  }
}
